
Microsoft Visual Studio Solution File, Format Version 12.00
# Visual Studio Version 16
VisualStudioVersion = 16.0.30002.166
MinimumVisualStudioVersion = 10.0.40219.1
Project("{FAE04EC0-301F-11D3-BF4B-00C04F79EFBC}") = "EulerProjectSolver", "EulerProjectSolver\EulerProjectSolver.csproj", "{3F458914-7358-4392-83A4-B679154565E5}"
EndProject
Project("{FAE04EC0-301F-11D3-BF4B-00C04F79EFBC}") = "Kernel", "..\Juanmartin.Kernel\Juanmartin.Kernel\Kernel.csproj", "{451CB413-E70B-4F70-93E9-76100453A956}"
EndProject
Project("{FAE04EC0-301F-11D3-BF4B-00C04F79EFBC}") = "Utilities", "..\JuanMartin.Utilities\JuanMartin.Utilities\Utilities.csproj", "{7E98C079-4E82-4A3F-8BD1-0BB0EFED02BF}"
	ProjectSection(ProjectDependencies) = postProject
		{451CB413-E70B-4F70-93E9-76100453A956} = {451CB413-E70B-4F70-93E9-76100453A956}
	EndProjectSection
EndProject
Project("{2150E333-8FDC-42A3-9474-1A3956D46DE8}") = "Solution Items", "Solution Items", "{98E7F68A-C565-47D7-912E-1648140967C5}"
	ProjectSection(SolutionItems) = preProject
		.editorconfig = .editorconfig
	EndProjectSection
EndProject
Global
	GlobalSection(SolutionConfigurationPlatforms) = preSolution
		Debug|Any CPU = Debug|Any CPU
		Release|Any CPU = Release|Any CPU
	EndGlobalSection
	GlobalSection(ProjectConfigurationPlatforms) = postSolution
		{3F458914-7358-4392-83A4-B679154565E5}.Debug|Any CPU.ActiveCfg = Debug|Any CPU
		{3F458914-7358-4392-83A4-B679154565E5}.Debug|Any CPU.Build.0 = Debug|Any CPU
		{3F458914-7358-4392-83A4-B679154565E5}.Release|Any CPU.ActiveCfg = Release|Any CPU
		{3F458914-7358-4392-83A4-B679154565E5}.Release|Any CPU.Build.0 = Release|Any CPU
		{451CB413-E70B-4F70-93E9-76100453A956}.Debug|Any CPU.ActiveCfg = Debug|Any CPU
		{451CB413-E70B-4F70-93E9-76100453A956}.Debug|Any CPU.Build.0 = Debug|Any CPU
		{451CB413-E70B-4F70-93E9-76100453A956}.Release|Any CPU.ActiveCfg = Release|Any CPU
		{451CB413-E70B-4F70-93E9-76100453A956}.Release|Any CPU.Build.0 = Release|Any CPU
		{7E98C079-4E82-4A3F-8BD1-0BB0EFED02BF}.Debug|Any CPU.ActiveCfg = Debug|Any CPU
		{7E98C079-4E82-4A3F-8BD1-0BB0EFED02BF}.Debug|Any CPU.Build.0 = Debug|Any CPU
		{7E98C079-4E82-4A3F-8BD1-0BB0EFED02BF}.Release|Any CPU.ActiveCfg = Release|Any CPU
		{7E98C079-4E82-4A3F-8BD1-0BB0EFED02BF}.Release|Any CPU.Build.0 = Release|Any CPU
	EndGlobalSection
	GlobalSection(SolutionProperties) = preSolution
		HideSolutionNode = FALSE
	EndGlobalSection
	GlobalSection(ExtensibilityGlobals) = postSolution
		SolutionGuid = {5B743E0F-033B-4D67-8BCD-7F77DA274D7D}
	EndGlobalSection
EndGlobal
